
Microsoft Visual Studio Solution File, Format Version 12.00
# Visual Studio 15
VisualStudioVersion = 15.0.28010.2046
MinimumVisualStudioVersion = 10.0.40219.1
Project("{FAE04EC0-301F-11D3-BF4B-00C04F79EFBC}") = "Ornament.Notify", "Ornament.Notify\Ornament.Notify.csproj", "{F891C690-C504-4CB2-949E-459CBB7213EF}"
EndProject
Global
	GlobalSection(SolutionConfigurationPlatforms) = preSolution
		Debug|Any CPU = Debug|Any CPU
		Release|Any CPU = Release|Any CPU
	EndGlobalSection
	GlobalSection(ProjectConfigurationPlatforms) = postSolution
		{F891C690-C504-4CB2-949E-459CBB7213EF}.Debug|Any CPU.ActiveCfg = Debug|Any CPU
		{F891C690-C504-4CB2-949E-459CBB7213EF}.Debug|Any CPU.Build.0 = Debug|Any CPU
		{F891C690-C504-4CB2-949E-459CBB7213EF}.Release|Any CPU.ActiveCfg = Release|Any CPU
		{F891C690-C504-4CB2-949E-459CBB7213EF}.Release|Any CPU.Build.0 = Release|Any CPU
	EndGlobalSection
	GlobalSection(SolutionProperties) = preSolution
		HideSolutionNode = FALSE
	EndGlobalSection
	GlobalSection(ExtensibilityGlobals) = postSolution
		SolutionGuid = {D4F385B5-1A31-4292-9C09-87A44A878778}
	EndGlobalSection
EndGlobal
